
Microsoft Visual Studio Solution File, Format Version 12.00
# Visual Studio 14
VisualStudioVersion = 14.0.25420.1
MinimumVisualStudioVersion = 10.0.40219.1
Project("{8BC9CEB8-8B4A-11D0-8D11-00A0C91BC942}") = "Test", "Test\Test.vcxproj", "{2944BC9B-4521-4C59-8C33-E76867AE30F2}"
EndProject
Project("{F184B08F-C81C-45F6-A57F-5ABD9991F28F}") = "VBTest", "VBTest\VBTest.vbproj", "{3C375FA4-F2A4-4008-AF1F-5EEE7BAF8CC8}"
EndProject
Project("{8BC9CEB8-8B4A-11D0-8D11-00A0C91BC942}") = "Test2", "Test2\Test2.vcxproj", "{5AC0831D-E34F-471A-8FB6-772406A2CD13}"
EndProject
Global
	GlobalSection(SolutionConfigurationPlatforms) = preSolution
		Debug|Any CPU = Debug|Any CPU
		Debug|x64 = Debug|x64
		Debug|x86 = Debug|x86
		Release|Any CPU = Release|Any CPU
		Release|x64 = Release|x64
		Release|x86 = Release|x86
	EndGlobalSection
	GlobalSection(ProjectConfigurationPlatforms) = postSolution
		{2944BC9B-4521-4C59-8C33-E76867AE30F2}.Debug|Any CPU.ActiveCfg = Debug|Win32
		{2944BC9B-4521-4C59-8C33-E76867AE30F2}.Debug|x64.ActiveCfg = Debug|x64
		{2944BC9B-4521-4C59-8C33-E76867AE30F2}.Debug|x64.Build.0 = Debug|x64
		{2944BC9B-4521-4C59-8C33-E76867AE30F2}.Debug|x86.ActiveCfg = Debug|Win32
		{2944BC9B-4521-4C59-8C33-E76867AE30F2}.Debug|x86.Build.0 = Debug|Win32
		{2944BC9B-4521-4C59-8C33-E76867AE30F2}.Release|Any CPU.ActiveCfg = Release|Win32
		{2944BC9B-4521-4C59-8C33-E76867AE30F2}.Release|x64.ActiveCfg = Release|x64
		{2944BC9B-4521-4C59-8C33-E76867AE30F2}.Release|x64.Build.0 = Release|x64
		{2944BC9B-4521-4C59-8C33-E76867AE30F2}.Release|x86.ActiveCfg = Release|Win32
		{2944BC9B-4521-4C59-8C33-E76867AE30F2}.Release|x86.Build.0 = Release|Win32
		{3C375FA4-F2A4-4008-AF1F-5EEE7BAF8CC8}.Debug|Any CPU.ActiveCfg = Debug|Any CPU
		{3C375FA4-F2A4-4008-AF1F-5EEE7BAF8CC8}.Debug|Any CPU.Build.0 = Debug|Any CPU
		{3C375FA4-F2A4-4008-AF1F-5EEE7BAF8CC8}.Debug|x64.ActiveCfg = Debug|Any CPU
		{3C375FA4-F2A4-4008-AF1F-5EEE7BAF8CC8}.Debug|x64.Build.0 = Debug|Any CPU
		{3C375FA4-F2A4-4008-AF1F-5EEE7BAF8CC8}.Debug|x86.ActiveCfg = Debug|Any CPU
		{3C375FA4-F2A4-4008-AF1F-5EEE7BAF8CC8}.Debug|x86.Build.0 = Debug|Any CPU
		{3C375FA4-F2A4-4008-AF1F-5EEE7BAF8CC8}.Release|Any CPU.ActiveCfg = Release|Any CPU
		{3C375FA4-F2A4-4008-AF1F-5EEE7BAF8CC8}.Release|Any CPU.Build.0 = Release|Any CPU
		{3C375FA4-F2A4-4008-AF1F-5EEE7BAF8CC8}.Release|x64.ActiveCfg = Release|Any CPU
		{3C375FA4-F2A4-4008-AF1F-5EEE7BAF8CC8}.Release|x64.Build.0 = Release|Any CPU
		{3C375FA4-F2A4-4008-AF1F-5EEE7BAF8CC8}.Release|x86.ActiveCfg = Release|Any CPU
		{3C375FA4-F2A4-4008-AF1F-5EEE7BAF8CC8}.Release|x86.Build.0 = Release|Any CPU
		{5AC0831D-E34F-471A-8FB6-772406A2CD13}.Debug|Any CPU.ActiveCfg = Debug|Win32
		{5AC0831D-E34F-471A-8FB6-772406A2CD13}.Debug|x64.ActiveCfg = Debug|x64
		{5AC0831D-E34F-471A-8FB6-772406A2CD13}.Debug|x64.Build.0 = Debug|x64
		{5AC0831D-E34F-471A-8FB6-772406A2CD13}.Debug|x86.ActiveCfg = Debug|Win32
		{5AC0831D-E34F-471A-8FB6-772406A2CD13}.Debug|x86.Build.0 = Debug|Win32
		{5AC0831D-E34F-471A-8FB6-772406A2CD13}.Release|Any CPU.ActiveCfg = Release|Win32
		{5AC0831D-E34F-471A-8FB6-772406A2CD13}.Release|x64.ActiveCfg = Release|x64
		{5AC0831D-E34F-471A-8FB6-772406A2CD13}.Release|x64.Build.0 = Release|x64
		{5AC0831D-E34F-471A-8FB6-772406A2CD13}.Release|x86.ActiveCfg = Release|Win32
		{5AC0831D-E34F-471A-8FB6-772406A2CD13}.Release|x86.Build.0 = Release|Win32
	EndGlobalSection
	GlobalSection(SolutionProperties) = preSolution
		HideSolutionNode = FALSE
	EndGlobalSection
EndGlobal
